
Microsoft Visual Studio Solution File, Format Version 12.00
# Visual Studio 15
VisualStudioVersion = 15.0.28307.1169
MinimumVisualStudioVersion = 10.0.40219.1
Project("{8BC9CEB8-8B4A-11D0-8D11-00A0C91BC942}") = "EnvTest", "EnvTest\EnvTest.vcxproj", "{A122E8FB-525D-4A22-893D-834FD528B7F7}"
EndProject
Project("{8BC9CEB8-8B4A-11D0-8D11-00A0C91BC942}") = "DrawLine", "DrawLine\DrawLine.vcxproj", "{3C4B34C6-0345-447C-95CE-E7748765539C}"
EndProject
Project("{8BC9CEB8-8B4A-11D0-8D11-00A0C91BC942}") = "VersionTest", "VersionTest\VersionTest.vcxproj", "{F7EAD409-1D3A-4EFA-8217-A8853A8B9755}"
EndProject
Project("{8BC9CEB8-8B4A-11D0-8D11-00A0C91BC942}") = "DrawCircle", "DrawCircle\DrawCircle.vcxproj", "{E3601604-4A33-4D07-A350-04E8A24E22AB}"
EndProject
Project("{8BC9CEB8-8B4A-11D0-8D11-00A0C91BC942}") = "DrawCirclef", "DrawCirclef\DrawCirclef.vcxproj", "{801B5088-A5DB-49FE-A0CF-62A26E37E2CC}"
EndProject
Project("{8BC9CEB8-8B4A-11D0-8D11-00A0C91BC942}") = "DrawCircleByLine", "CircleTest\CircleTest.vcxproj", "{EB5EDE87-2EE6-44B2-9264-4CAC6080FED1}"
EndProject
Project("{8BC9CEB8-8B4A-11D0-8D11-00A0C91BC942}") = "PolyFill", "PolyFill\PolyFill.vcxproj", "{1C9FD18F-4261-4F7A-98EE-613E4C98BC57}"
EndProject
Project("{8BC9CEB8-8B4A-11D0-8D11-00A0C91BC942}") = "PolyFillf", "PolyFillf\PolyFillf.vcxproj", "{AD42D87F-947F-4D8F-A924-E66BE8C7FFF0}"
EndProject
Project("{8BC9CEB8-8B4A-11D0-8D11-00A0C91BC942}") = "PolyFillScanLine", "PolyFillPixels\PolyFillPixels.vcxproj", "{E1E92D5F-E7E0-4E9B-AD03-34E80D27AF02}"
EndProject
Project("{8BC9CEB8-8B4A-11D0-8D11-00A0C91BC942}") = "TransObject", "TransObject\TransObject.vcxproj", "{C6E4764F-62D1-4C19-BCCE-B36BC57E0C9D}"
EndProject
Project("{8BC9CEB8-8B4A-11D0-8D11-00A0C91BC942}") = "UesrInterface", "UesrInterface\UesrInterface.vcxproj", "{65775B66-CB92-4739-9636-1A6963C84973}"
EndProject
Project("{8BC9CEB8-8B4A-11D0-8D11-00A0C91BC942}") = "PolyFillStackTest", "PolyFillOptimal\PolyFillOptimal.vcxproj", "{AC2CECC6-D940-4317-AB0C-32FDFBB8FA9F}"
EndProject
Project("{8BC9CEB8-8B4A-11D0-8D11-00A0C91BC942}") = "MemoryTest", "MemoryTest\MemoryTest.vcxproj", "{11FDAE74-8526-4D4E-8B97-9EBF4F9CF22F}"
EndProject
Project("{8BC9CEB8-8B4A-11D0-8D11-00A0C91BC942}") = "TransCamera", "TransCamera\TransCamera.vcxproj", "{4B23907F-70CA-444F-91EE-7DD3F7AA1618}"
EndProject
Project("{8BC9CEB8-8B4A-11D0-8D11-00A0C91BC942}") = "ObjTest", "ObjTest\ObjTest.vcxproj", "{452D60D1-D274-4B31-B7A6-F4D8ADBD69A1}"
EndProject
Project("{8BC9CEB8-8B4A-11D0-8D11-00A0C91BC942}") = "TransCamera3DNavigation", "TransCamera3DNavigation\TransCamera3DNavigation.vcxproj", "{1722BB56-4F0D-4938-B579-BA718D0F20D6}"
EndProject
Project("{8BC9CEB8-8B4A-11D0-8D11-00A0C91BC942}") = "Bezier", "Bezier\Bezier.vcxproj", "{0B3CA8C9-BE49-4394-9580-3AFE2B6598EB}"
EndProject
Project("{8BC9CEB8-8B4A-11D0-8D11-00A0C91BC942}") = "PickTest", "PickTest\PickTest.vcxproj", "{9CD1D0D1-6480-4D55-93F8-1D27A09393E6}"
EndProject
Project("{8BC9CEB8-8B4A-11D0-8D11-00A0C91BC942}") = "Temp", "Temp\Temp.vcxproj", "{00EED449-A096-448D-A135-A416A9FEC118}"
EndProject
Project("{8BC9CEB8-8B4A-11D0-8D11-00A0C91BC942}") = "BezierTransform", "BezierTransform\BezierTransform.vcxproj", "{A806424C-6B22-4F42-B356-03ABC59AD69A}"
EndProject
Project("{8BC9CEB8-8B4A-11D0-8D11-00A0C91BC942}") = "Fractal", "Fractal\Fractal.vcxproj", "{204F2B97-A661-494D-B09E-EFD803246053}"
EndProject
Project("{8BC9CEB8-8B4A-11D0-8D11-00A0C91BC942}") = "Painter", "Painter\Painter.vcxproj", "{A2245696-06F5-4B13-AA75-0AC2D405390A}"
EndProject
Project("{8BC9CEB8-8B4A-11D0-8D11-00A0C91BC942}") = "DrawObject", "DrawObject\DrawObject.vcxproj", "{4AE50CF8-1FC2-45EE-93F8-11F2DDE5195E}"
EndProject
Project("{8BC9CEB8-8B4A-11D0-8D11-00A0C91BC942}") = "DrawObjectImportPLY", "DrawObjectImportPLY\DrawObjectImportPLY.vcxproj", "{953D3268-42ED-4D23-884C-BBF31794F89C}"
EndProject
Global
	GlobalSection(SolutionConfigurationPlatforms) = preSolution
		Debug|x64 = Debug|x64
		Debug|x86 = Debug|x86
		Release|x64 = Release|x64
		Release|x86 = Release|x86
	EndGlobalSection
	GlobalSection(ProjectConfigurationPlatforms) = postSolution
		{A122E8FB-525D-4A22-893D-834FD528B7F7}.Debug|x64.ActiveCfg = Debug|x64
		{A122E8FB-525D-4A22-893D-834FD528B7F7}.Debug|x64.Build.0 = Debug|x64
		{A122E8FB-525D-4A22-893D-834FD528B7F7}.Debug|x86.ActiveCfg = Debug|Win32
		{A122E8FB-525D-4A22-893D-834FD528B7F7}.Debug|x86.Build.0 = Debug|Win32
		{A122E8FB-525D-4A22-893D-834FD528B7F7}.Release|x64.ActiveCfg = Release|x64
		{A122E8FB-525D-4A22-893D-834FD528B7F7}.Release|x64.Build.0 = Release|x64
		{A122E8FB-525D-4A22-893D-834FD528B7F7}.Release|x86.ActiveCfg = Release|Win32
		{A122E8FB-525D-4A22-893D-834FD528B7F7}.Release|x86.Build.0 = Release|Win32
		{3C4B34C6-0345-447C-95CE-E7748765539C}.Debug|x64.ActiveCfg = Debug|x64
		{3C4B34C6-0345-447C-95CE-E7748765539C}.Debug|x64.Build.0 = Debug|x64
		{3C4B34C6-0345-447C-95CE-E7748765539C}.Debug|x86.ActiveCfg = Debug|Win32
		{3C4B34C6-0345-447C-95CE-E7748765539C}.Debug|x86.Build.0 = Debug|Win32
		{3C4B34C6-0345-447C-95CE-E7748765539C}.Release|x64.ActiveCfg = Release|x64
		{3C4B34C6-0345-447C-95CE-E7748765539C}.Release|x64.Build.0 = Release|x64
		{3C4B34C6-0345-447C-95CE-E7748765539C}.Release|x86.ActiveCfg = Release|Win32
		{3C4B34C6-0345-447C-95CE-E7748765539C}.Release|x86.Build.0 = Release|Win32
		{F7EAD409-1D3A-4EFA-8217-A8853A8B9755}.Debug|x64.ActiveCfg = Debug|x64
		{F7EAD409-1D3A-4EFA-8217-A8853A8B9755}.Debug|x64.Build.0 = Debug|x64
		{F7EAD409-1D3A-4EFA-8217-A8853A8B9755}.Debug|x86.ActiveCfg = Debug|Win32
		{F7EAD409-1D3A-4EFA-8217-A8853A8B9755}.Debug|x86.Build.0 = Debug|Win32
		{F7EAD409-1D3A-4EFA-8217-A8853A8B9755}.Release|x64.ActiveCfg = Release|x64
		{F7EAD409-1D3A-4EFA-8217-A8853A8B9755}.Release|x64.Build.0 = Release|x64
		{F7EAD409-1D3A-4EFA-8217-A8853A8B9755}.Release|x86.ActiveCfg = Release|Win32
		{F7EAD409-1D3A-4EFA-8217-A8853A8B9755}.Release|x86.Build.0 = Release|Win32
		{E3601604-4A33-4D07-A350-04E8A24E22AB}.Debug|x64.ActiveCfg = Debug|x64
		{E3601604-4A33-4D07-A350-04E8A24E22AB}.Debug|x64.Build.0 = Debug|x64
		{E3601604-4A33-4D07-A350-04E8A24E22AB}.Debug|x86.ActiveCfg = Debug|Win32
		{E3601604-4A33-4D07-A350-04E8A24E22AB}.Debug|x86.Build.0 = Debug|Win32
		{E3601604-4A33-4D07-A350-04E8A24E22AB}.Release|x64.ActiveCfg = Release|x64
		{E3601604-4A33-4D07-A350-04E8A24E22AB}.Release|x64.Build.0 = Release|x64
		{E3601604-4A33-4D07-A350-04E8A24E22AB}.Release|x86.ActiveCfg = Release|Win32
		{E3601604-4A33-4D07-A350-04E8A24E22AB}.Release|x86.Build.0 = Release|Win32
		{801B5088-A5DB-49FE-A0CF-62A26E37E2CC}.Debug|x64.ActiveCfg = Debug|x64
		{801B5088-A5DB-49FE-A0CF-62A26E37E2CC}.Debug|x64.Build.0 = Debug|x64
		{801B5088-A5DB-49FE-A0CF-62A26E37E2CC}.Debug|x86.ActiveCfg = Debug|Win32
		{801B5088-A5DB-49FE-A0CF-62A26E37E2CC}.Debug|x86.Build.0 = Debug|Win32
		{801B5088-A5DB-49FE-A0CF-62A26E37E2CC}.Release|x64.ActiveCfg = Release|x64
		{801B5088-A5DB-49FE-A0CF-62A26E37E2CC}.Release|x64.Build.0 = Release|x64
		{801B5088-A5DB-49FE-A0CF-62A26E37E2CC}.Release|x86.ActiveCfg = Release|Win32
		{801B5088-A5DB-49FE-A0CF-62A26E37E2CC}.Release|x86.Build.0 = Release|Win32
		{EB5EDE87-2EE6-44B2-9264-4CAC6080FED1}.Debug|x64.ActiveCfg = Debug|x64
		{EB5EDE87-2EE6-44B2-9264-4CAC6080FED1}.Debug|x64.Build.0 = Debug|x64
		{EB5EDE87-2EE6-44B2-9264-4CAC6080FED1}.Debug|x86.ActiveCfg = Debug|Win32
		{EB5EDE87-2EE6-44B2-9264-4CAC6080FED1}.Debug|x86.Build.0 = Debug|Win32
		{EB5EDE87-2EE6-44B2-9264-4CAC6080FED1}.Release|x64.ActiveCfg = Release|x64
		{EB5EDE87-2EE6-44B2-9264-4CAC6080FED1}.Release|x64.Build.0 = Release|x64
		{EB5EDE87-2EE6-44B2-9264-4CAC6080FED1}.Release|x86.ActiveCfg = Release|Win32
		{EB5EDE87-2EE6-44B2-9264-4CAC6080FED1}.Release|x86.Build.0 = Release|Win32
		{1C9FD18F-4261-4F7A-98EE-613E4C98BC57}.Debug|x64.ActiveCfg = Debug|x64
		{1C9FD18F-4261-4F7A-98EE-613E4C98BC57}.Debug|x64.Build.0 = Debug|x64
		{1C9FD18F-4261-4F7A-98EE-613E4C98BC57}.Debug|x86.ActiveCfg = Debug|Win32
		{1C9FD18F-4261-4F7A-98EE-613E4C98BC57}.Debug|x86.Build.0 = Debug|Win32
		{1C9FD18F-4261-4F7A-98EE-613E4C98BC57}.Release|x64.ActiveCfg = Release|x64
		{1C9FD18F-4261-4F7A-98EE-613E4C98BC57}.Release|x64.Build.0 = Release|x64
		{1C9FD18F-4261-4F7A-98EE-613E4C98BC57}.Release|x86.ActiveCfg = Release|Win32
		{1C9FD18F-4261-4F7A-98EE-613E4C98BC57}.Release|x86.Build.0 = Release|Win32
		{AD42D87F-947F-4D8F-A924-E66BE8C7FFF0}.Debug|x64.ActiveCfg = Debug|x64
		{AD42D87F-947F-4D8F-A924-E66BE8C7FFF0}.Debug|x64.Build.0 = Debug|x64
		{AD42D87F-947F-4D8F-A924-E66BE8C7FFF0}.Debug|x86.ActiveCfg = Debug|Win32
		{AD42D87F-947F-4D8F-A924-E66BE8C7FFF0}.Debug|x86.Build.0 = Debug|Win32
		{AD42D87F-947F-4D8F-A924-E66BE8C7FFF0}.Release|x64.ActiveCfg = Release|x64
		{AD42D87F-947F-4D8F-A924-E66BE8C7FFF0}.Release|x64.Build.0 = Release|x64
		{AD42D87F-947F-4D8F-A924-E66BE8C7FFF0}.Release|x86.ActiveCfg = Release|Win32
		{AD42D87F-947F-4D8F-A924-E66BE8C7FFF0}.Release|x86.Build.0 = Release|Win32
		{E1E92D5F-E7E0-4E9B-AD03-34E80D27AF02}.Debug|x64.ActiveCfg = Debug|x64
		{E1E92D5F-E7E0-4E9B-AD03-34E80D27AF02}.Debug|x64.Build.0 = Debug|x64
		{E1E92D5F-E7E0-4E9B-AD03-34E80D27AF02}.Debug|x86.ActiveCfg = Debug|Win32
		{E1E92D5F-E7E0-4E9B-AD03-34E80D27AF02}.Debug|x86.Build.0 = Debug|Win32
		{E1E92D5F-E7E0-4E9B-AD03-34E80D27AF02}.Release|x64.ActiveCfg = Release|x64
		{E1E92D5F-E7E0-4E9B-AD03-34E80D27AF02}.Release|x64.Build.0 = Release|x64
		{E1E92D5F-E7E0-4E9B-AD03-34E80D27AF02}.Release|x86.ActiveCfg = Release|Win32
		{E1E92D5F-E7E0-4E9B-AD03-34E80D27AF02}.Release|x86.Build.0 = Release|Win32
		{C6E4764F-62D1-4C19-BCCE-B36BC57E0C9D}.Debug|x64.ActiveCfg = Debug|x64
		{C6E4764F-62D1-4C19-BCCE-B36BC57E0C9D}.Debug|x64.Build.0 = Debug|x64
		{C6E4764F-62D1-4C19-BCCE-B36BC57E0C9D}.Debug|x86.ActiveCfg = Debug|Win32
		{C6E4764F-62D1-4C19-BCCE-B36BC57E0C9D}.Debug|x86.Build.0 = Debug|Win32
		{C6E4764F-62D1-4C19-BCCE-B36BC57E0C9D}.Release|x64.ActiveCfg = Release|x64
		{C6E4764F-62D1-4C19-BCCE-B36BC57E0C9D}.Release|x64.Build.0 = Release|x64
		{C6E4764F-62D1-4C19-BCCE-B36BC57E0C9D}.Release|x86.ActiveCfg = Release|Win32
		{C6E4764F-62D1-4C19-BCCE-B36BC57E0C9D}.Release|x86.Build.0 = Release|Win32
		{65775B66-CB92-4739-9636-1A6963C84973}.Debug|x64.ActiveCfg = Debug|x64
		{65775B66-CB92-4739-9636-1A6963C84973}.Debug|x64.Build.0 = Debug|x64
		{65775B66-CB92-4739-9636-1A6963C84973}.Debug|x86.ActiveCfg = Debug|Win32
		{65775B66-CB92-4739-9636-1A6963C84973}.Debug|x86.Build.0 = Debug|Win32
		{65775B66-CB92-4739-9636-1A6963C84973}.Release|x64.ActiveCfg = Release|x64
		{65775B66-CB92-4739-9636-1A6963C84973}.Release|x64.Build.0 = Release|x64
		{65775B66-CB92-4739-9636-1A6963C84973}.Release|x86.ActiveCfg = Release|Win32
		{65775B66-CB92-4739-9636-1A6963C84973}.Release|x86.Build.0 = Release|Win32
		{AC2CECC6-D940-4317-AB0C-32FDFBB8FA9F}.Debug|x64.ActiveCfg = Debug|x64
		{AC2CECC6-D940-4317-AB0C-32FDFBB8FA9F}.Debug|x64.Build.0 = Debug|x64
		{AC2CECC6-D940-4317-AB0C-32FDFBB8FA9F}.Debug|x86.ActiveCfg = Debug|Win32
		{AC2CECC6-D940-4317-AB0C-32FDFBB8FA9F}.Debug|x86.Build.0 = Debug|Win32
		{AC2CECC6-D940-4317-AB0C-32FDFBB8FA9F}.Release|x64.ActiveCfg = Release|x64
		{AC2CECC6-D940-4317-AB0C-32FDFBB8FA9F}.Release|x64.Build.0 = Release|x64
		{AC2CECC6-D940-4317-AB0C-32FDFBB8FA9F}.Release|x86.ActiveCfg = Release|Win32
		{AC2CECC6-D940-4317-AB0C-32FDFBB8FA9F}.Release|x86.Build.0 = Release|Win32
		{11FDAE74-8526-4D4E-8B97-9EBF4F9CF22F}.Debug|x64.ActiveCfg = Debug|x64
		{11FDAE74-8526-4D4E-8B97-9EBF4F9CF22F}.Debug|x64.Build.0 = Debug|x64
		{11FDAE74-8526-4D4E-8B97-9EBF4F9CF22F}.Debug|x86.ActiveCfg = Debug|Win32
		{11FDAE74-8526-4D4E-8B97-9EBF4F9CF22F}.Debug|x86.Build.0 = Debug|Win32
		{11FDAE74-8526-4D4E-8B97-9EBF4F9CF22F}.Release|x64.ActiveCfg = Release|x64
		{11FDAE74-8526-4D4E-8B97-9EBF4F9CF22F}.Release|x64.Build.0 = Release|x64
		{11FDAE74-8526-4D4E-8B97-9EBF4F9CF22F}.Release|x86.ActiveCfg = Release|Win32
		{11FDAE74-8526-4D4E-8B97-9EBF4F9CF22F}.Release|x86.Build.0 = Release|Win32
		{4B23907F-70CA-444F-91EE-7DD3F7AA1618}.Debug|x64.ActiveCfg = Debug|x64
		{4B23907F-70CA-444F-91EE-7DD3F7AA1618}.Debug|x64.Build.0 = Debug|x64
		{4B23907F-70CA-444F-91EE-7DD3F7AA1618}.Debug|x86.ActiveCfg = Debug|Win32
		{4B23907F-70CA-444F-91EE-7DD3F7AA1618}.Debug|x86.Build.0 = Debug|Win32
		{4B23907F-70CA-444F-91EE-7DD3F7AA1618}.Release|x64.ActiveCfg = Release|x64
		{4B23907F-70CA-444F-91EE-7DD3F7AA1618}.Release|x64.Build.0 = Release|x64
		{4B23907F-70CA-444F-91EE-7DD3F7AA1618}.Release|x86.ActiveCfg = Release|Win32
		{4B23907F-70CA-444F-91EE-7DD3F7AA1618}.Release|x86.Build.0 = Release|Win32
		{452D60D1-D274-4B31-B7A6-F4D8ADBD69A1}.Debug|x64.ActiveCfg = Debug|x64
		{452D60D1-D274-4B31-B7A6-F4D8ADBD69A1}.Debug|x64.Build.0 = Debug|x64
		{452D60D1-D274-4B31-B7A6-F4D8ADBD69A1}.Debug|x86.ActiveCfg = Debug|Win32
		{452D60D1-D274-4B31-B7A6-F4D8ADBD69A1}.Debug|x86.Build.0 = Debug|Win32
		{452D60D1-D274-4B31-B7A6-F4D8ADBD69A1}.Release|x64.ActiveCfg = Release|x64
		{452D60D1-D274-4B31-B7A6-F4D8ADBD69A1}.Release|x64.Build.0 = Release|x64
		{452D60D1-D274-4B31-B7A6-F4D8ADBD69A1}.Release|x86.ActiveCfg = Release|Win32
		{452D60D1-D274-4B31-B7A6-F4D8ADBD69A1}.Release|x86.Build.0 = Release|Win32
		{1722BB56-4F0D-4938-B579-BA718D0F20D6}.Debug|x64.ActiveCfg = Debug|x64
		{1722BB56-4F0D-4938-B579-BA718D0F20D6}.Debug|x64.Build.0 = Debug|x64
		{1722BB56-4F0D-4938-B579-BA718D0F20D6}.Debug|x86.ActiveCfg = Debug|Win32
		{1722BB56-4F0D-4938-B579-BA718D0F20D6}.Debug|x86.Build.0 = Debug|Win32
		{1722BB56-4F0D-4938-B579-BA718D0F20D6}.Release|x64.ActiveCfg = Release|x64
		{1722BB56-4F0D-4938-B579-BA718D0F20D6}.Release|x64.Build.0 = Release|x64
		{1722BB56-4F0D-4938-B579-BA718D0F20D6}.Release|x86.ActiveCfg = Release|Win32
		{1722BB56-4F0D-4938-B579-BA718D0F20D6}.Release|x86.Build.0 = Release|Win32
		{0B3CA8C9-BE49-4394-9580-3AFE2B6598EB}.Debug|x64.ActiveCfg = Debug|x64
		{0B3CA8C9-BE49-4394-9580-3AFE2B6598EB}.Debug|x64.Build.0 = Debug|x64
		{0B3CA8C9-BE49-4394-9580-3AFE2B6598EB}.Debug|x86.ActiveCfg = Debug|Win32
		{0B3CA8C9-BE49-4394-9580-3AFE2B6598EB}.Debug|x86.Build.0 = Debug|Win32
		{0B3CA8C9-BE49-4394-9580-3AFE2B6598EB}.Release|x64.ActiveCfg = Release|x64
		{0B3CA8C9-BE49-4394-9580-3AFE2B6598EB}.Release|x64.Build.0 = Release|x64
		{0B3CA8C9-BE49-4394-9580-3AFE2B6598EB}.Release|x86.ActiveCfg = Release|Win32
		{0B3CA8C9-BE49-4394-9580-3AFE2B6598EB}.Release|x86.Build.0 = Release|Win32
		{9CD1D0D1-6480-4D55-93F8-1D27A09393E6}.Debug|x64.ActiveCfg = Debug|x64
		{9CD1D0D1-6480-4D55-93F8-1D27A09393E6}.Debug|x64.Build.0 = Debug|x64
		{9CD1D0D1-6480-4D55-93F8-1D27A09393E6}.Debug|x86.ActiveCfg = Debug|Win32
		{9CD1D0D1-6480-4D55-93F8-1D27A09393E6}.Debug|x86.Build.0 = Debug|Win32
		{9CD1D0D1-6480-4D55-93F8-1D27A09393E6}.Release|x64.ActiveCfg = Release|x64
		{9CD1D0D1-6480-4D55-93F8-1D27A09393E6}.Release|x64.Build.0 = Release|x64
		{9CD1D0D1-6480-4D55-93F8-1D27A09393E6}.Release|x86.ActiveCfg = Release|Win32
		{9CD1D0D1-6480-4D55-93F8-1D27A09393E6}.Release|x86.Build.0 = Release|Win32
		{00EED449-A096-448D-A135-A416A9FEC118}.Debug|x64.ActiveCfg = Debug|x64
		{00EED449-A096-448D-A135-A416A9FEC118}.Debug|x64.Build.0 = Debug|x64
		{00EED449-A096-448D-A135-A416A9FEC118}.Debug|x86.ActiveCfg = Debug|Win32
		{00EED449-A096-448D-A135-A416A9FEC118}.Debug|x86.Build.0 = Debug|Win32
		{00EED449-A096-448D-A135-A416A9FEC118}.Release|x64.ActiveCfg = Release|x64
		{00EED449-A096-448D-A135-A416A9FEC118}.Release|x64.Build.0 = Release|x64
		{00EED449-A096-448D-A135-A416A9FEC118}.Release|x86.ActiveCfg = Release|Win32
		{00EED449-A096-448D-A135-A416A9FEC118}.Release|x86.Build.0 = Release|Win32
		{A806424C-6B22-4F42-B356-03ABC59AD69A}.Debug|x64.ActiveCfg = Debug|x64
		{A806424C-6B22-4F42-B356-03ABC59AD69A}.Debug|x64.Build.0 = Debug|x64
		{A806424C-6B22-4F42-B356-03ABC59AD69A}.Debug|x86.ActiveCfg = Debug|Win32
		{A806424C-6B22-4F42-B356-03ABC59AD69A}.Debug|x86.Build.0 = Debug|Win32
		{A806424C-6B22-4F42-B356-03ABC59AD69A}.Release|x64.ActiveCfg = Release|x64
		{A806424C-6B22-4F42-B356-03ABC59AD69A}.Release|x64.Build.0 = Release|x64
		{A806424C-6B22-4F42-B356-03ABC59AD69A}.Release|x86.ActiveCfg = Release|Win32
		{A806424C-6B22-4F42-B356-03ABC59AD69A}.Release|x86.Build.0 = Release|Win32
		{204F2B97-A661-494D-B09E-EFD803246053}.Debug|x64.ActiveCfg = Debug|x64
		{204F2B97-A661-494D-B09E-EFD803246053}.Debug|x64.Build.0 = Debug|x64
		{204F2B97-A661-494D-B09E-EFD803246053}.Debug|x86.ActiveCfg = Debug|Win32
		{204F2B97-A661-494D-B09E-EFD803246053}.Debug|x86.Build.0 = Debug|Win32
		{204F2B97-A661-494D-B09E-EFD803246053}.Release|x64.ActiveCfg = Release|x64
		{204F2B97-A661-494D-B09E-EFD803246053}.Release|x64.Build.0 = Release|x64
		{204F2B97-A661-494D-B09E-EFD803246053}.Release|x86.ActiveCfg = Release|Win32
		{204F2B97-A661-494D-B09E-EFD803246053}.Release|x86.Build.0 = Release|Win32
		{A2245696-06F5-4B13-AA75-0AC2D405390A}.Debug|x64.ActiveCfg = Debug|x64
		{A2245696-06F5-4B13-AA75-0AC2D405390A}.Debug|x64.Build.0 = Debug|x64
		{A2245696-06F5-4B13-AA75-0AC2D405390A}.Debug|x86.ActiveCfg = Debug|Win32
		{A2245696-06F5-4B13-AA75-0AC2D405390A}.Debug|x86.Build.0 = Debug|Win32
		{A2245696-06F5-4B13-AA75-0AC2D405390A}.Release|x64.ActiveCfg = Release|x64
		{A2245696-06F5-4B13-AA75-0AC2D405390A}.Release|x64.Build.0 = Release|x64
		{A2245696-06F5-4B13-AA75-0AC2D405390A}.Release|x86.ActiveCfg = Release|Win32
		{A2245696-06F5-4B13-AA75-0AC2D405390A}.Release|x86.Build.0 = Release|Win32
		{4AE50CF8-1FC2-45EE-93F8-11F2DDE5195E}.Debug|x64.ActiveCfg = Debug|x64
		{4AE50CF8-1FC2-45EE-93F8-11F2DDE5195E}.Debug|x64.Build.0 = Debug|x64
		{4AE50CF8-1FC2-45EE-93F8-11F2DDE5195E}.Debug|x86.ActiveCfg = Debug|Win32
		{4AE50CF8-1FC2-45EE-93F8-11F2DDE5195E}.Debug|x86.Build.0 = Debug|Win32
		{4AE50CF8-1FC2-45EE-93F8-11F2DDE5195E}.Release|x64.ActiveCfg = Release|x64
		{4AE50CF8-1FC2-45EE-93F8-11F2DDE5195E}.Release|x64.Build.0 = Release|x64
		{4AE50CF8-1FC2-45EE-93F8-11F2DDE5195E}.Release|x86.ActiveCfg = Release|Win32
		{4AE50CF8-1FC2-45EE-93F8-11F2DDE5195E}.Release|x86.Build.0 = Release|Win32
		{953D3268-42ED-4D23-884C-BBF31794F89C}.Debug|x64.ActiveCfg = Debug|x64
		{953D3268-42ED-4D23-884C-BBF31794F89C}.Debug|x64.Build.0 = Debug|x64
		{953D3268-42ED-4D23-884C-BBF31794F89C}.Debug|x86.ActiveCfg = Debug|Win32
		{953D3268-42ED-4D23-884C-BBF31794F89C}.Debug|x86.Build.0 = Debug|Win32
		{953D3268-42ED-4D23-884C-BBF31794F89C}.Release|x64.ActiveCfg = Release|x64
		{953D3268-42ED-4D23-884C-BBF31794F89C}.Release|x64.Build.0 = Release|x64
		{953D3268-42ED-4D23-884C-BBF31794F89C}.Release|x86.ActiveCfg = Release|Win32
		{953D3268-42ED-4D23-884C-BBF31794F89C}.Release|x86.Build.0 = Release|Win32
	EndGlobalSection
	GlobalSection(SolutionProperties) = preSolution
		HideSolutionNode = FALSE
	EndGlobalSection
	GlobalSection(ExtensibilityGlobals) = postSolution
		SolutionGuid = {8858DF67-6011-40C8-AF60-84533631E5C6}
	EndGlobalSection
EndGlobal
